
Microsoft Visual Studio Solution File, Format Version 12.00
# Visual Studio Version 16
VisualStudioVersion = 25.0.1706.14
MinimumVisualStudioVersion = 10.0.40219.1
Project("{FAE04EC0-301F-11D3-BF4B-00C04F79EFBC}") = "DocumentClient", "DocumentClient\DocumentClient.csproj", "{B2D5A25A-0CE3-4921-82E0-F3C07A5E8C2A}"
EndProject
Global
	GlobalSection(SolutionConfigurationPlatforms) = preSolution
		Debug|Any CPU = Debug|Any CPU
		Release|Any CPU = Release|Any CPU
	EndGlobalSection
	GlobalSection(ProjectConfigurationPlatforms) = postSolution
		{B2D5A25A-0CE3-4921-82E0-F3C07A5E8C2A}.Debug|Any CPU.ActiveCfg = Debug|Any CPU
		{B2D5A25A-0CE3-4921-82E0-F3C07A5E8C2A}.Debug|Any CPU.Build.0 = Debug|Any CPU
		{B2D5A25A-0CE3-4921-82E0-F3C07A5E8C2A}.Release|Any CPU.ActiveCfg = Release|Any CPU
		{B2D5A25A-0CE3-4921-82E0-F3C07A5E8C2A}.Release|Any CPU.Build.0 = Release|Any CPU
	EndGlobalSection
	GlobalSection(SolutionProperties) = preSolution
		HideSolutionNode = FALSE
	EndGlobalSection
	GlobalSection(ExtensibilityGlobals) = postSolution
		SolutionGuid = {E928E0F5-F25C-4E92-93B5-69809295312B}
	EndGlobalSection
EndGlobal
